
Microsoft Visual Studio Solution File, Format Version 12.00
# Visual Studio 15
VisualStudioVersion = 15.0.27004.2010
MinimumVisualStudioVersion = 10.0.40219.1
Project("{9A19103F-16F7-4668-BE54-9A1E7A4F7556}") = "WebApplication2", "WebApplication2\WebApplication2.csproj", "{FFD63C9B-DDCB-40E8-8D6D-4A5869C89CC2}"
EndProject
Global
	GlobalSection(SolutionConfigurationPlatforms) = preSolution
		Debug|Any CPU = Debug|Any CPU
		Release|Any CPU = Release|Any CPU
	EndGlobalSection
	GlobalSection(ProjectConfigurationPlatforms) = postSolution
		{FFD63C9B-DDCB-40E8-8D6D-4A5869C89CC2}.Debug|Any CPU.ActiveCfg = Debug|Any CPU
		{FFD63C9B-DDCB-40E8-8D6D-4A5869C89CC2}.Debug|Any CPU.Build.0 = Debug|Any CPU
		{FFD63C9B-DDCB-40E8-8D6D-4A5869C89CC2}.Release|Any CPU.ActiveCfg = Release|Any CPU
		{FFD63C9B-DDCB-40E8-8D6D-4A5869C89CC2}.Release|Any CPU.Build.0 = Release|Any CPU
	EndGlobalSection
	GlobalSection(SolutionProperties) = preSolution
		HideSolutionNode = FALSE
	EndGlobalSection
	GlobalSection(ExtensibilityGlobals) = postSolution
		SolutionGuid = {095D8E37-4D16-4786-9269-144564A8ACCB}
	EndGlobalSection
EndGlobal
